{
  "buildHash": "52dc1de6abf8a04333323b80f9469d92",
  "jsApi": {
    "apiInstances": [],
    "apiAliases": {},
    "apiInterfaces": {},
    "apiNames": {
      "failAsync": "(Functor m, Eq a, Show a, Show b) => (b -> Wish a {}) -> String -> m #[b, a] -> m (Wish TestResult TestResult)",
      "caseN5": "(a -> b -> c -> d -> e -> f) -> (,,,,) a b c d e -> f",
      "caseN2": "(a -> b -> c) -> #[a, b] -> c",
      "executiveReport": "(Functor m, Eq a, Show a) => (Wish { exitCode :: Integer, stderr :: String, stdout :: String } { exitCode :: Integer, stderr :: String, stdout :: String } -> Wish AssertionError a) -> String -> String -> m #[List String, a] -> m (Wish TestResult TestResult)",
      "asyncFail": "(Show a, Show b, Eq b, Functor m) => (a -> Wish b {}) -> String -> m #[a, b] -> m (Wish TestResult TestResult)",
      "asyncReport": "(Show a, Show b, Eq b, Functor m) => (a -> Wish AssertionError b) -> String -> m #[a, b] -> m (Wish TestResult TestResult)",
      "reportAsync": "(Functor m, Eq a, Show a, Show b) => (b -> Wish AssertionError a) -> String -> m #[b, a] -> m (Wish TestResult TestResult)",
      "caseN4": "(a -> b -> c -> d -> e) -> #[a, b, c, d] -> e",
      "report": "(Show a, Show b, Eq b, Functor m) => (a -> b) -> String -> m #[a, b] -> m (Wish TestResult TestResult)",
      "powerpoint": "Functor m => String -> String -> m #[List String, String] -> m (Wish TestResult TestResult)",
      "caseN3": "(a -> b -> c -> d) -> #[a, b, c] -> d"
    },
    "apiTypes": {}
  },
  "llvmApi": {
    "apiInstances": [],
    "apiAliases": {},
    "apiInterfaces": {},
    "apiNames": {
      "failAsync": "(Functor m, Eq a, Show a, Show b) => (b -> Wish a {}) -> String -> m #[b, a] -> m (Wish TestResult TestResult)",
      "caseN5": "(a -> b -> c -> d -> e -> f) -> (,,,,) a b c d e -> f",
      "caseN2": "(a -> b -> c) -> #[a, b] -> c",
      "executiveReport": "(Functor m, Eq a, Show a) => (Wish { exitCode :: Integer, stderr :: String, stdout :: String } { exitCode :: Integer, stderr :: String, stdout :: String } -> Wish AssertionError a) -> String -> String -> m #[List String, a] -> m (Wish TestResult TestResult)",
      "asyncFail": "(Show a, Show b, Eq b, Functor m) => (a -> Wish b {}) -> String -> m #[a, b] -> m (Wish TestResult TestResult)",
      "asyncReport": "(Show a, Show b, Eq b, Functor m) => (a -> Wish AssertionError b) -> String -> m #[a, b] -> m (Wish TestResult TestResult)",
      "reportAsync": "(Functor m, Eq a, Show a, Show b) => (b -> Wish AssertionError a) -> String -> m #[b, a] -> m (Wish TestResult TestResult)",
      "caseN4": "(a -> b -> c -> d -> e) -> #[a, b, c, d] -> e",
      "report": "(Show a, Show b, Eq b, Functor m) => (a -> b) -> String -> m #[a, b] -> m (Wish TestResult TestResult)",
      "powerpoint": "Functor m => String -> String -> m #[List String, String] -> m (Wish TestResult TestResult)",
      "caseN3": "(a -> b -> c -> d) -> #[a, b, c] -> d"
    },
    "apiTypes": {}
  },
  "versionHash": "25e64aa754c310d45c1e084d574c1bb0"
}
