{
  "buildHash": "d5d804e26dffc7c8d59577d4bc196938",
  "jsApi": {
    "apiInstances": [],
    "apiAliases": {},
    "apiInterfaces": {},
    "apiNames": {
      "failAsync": "(Functor m, Eq a, Show a, Show b) => (b -> Wish a {}) -> String -> m #[b, a] -> m (Wish TestResult TestResult)",
      "caseN5": "(a -> b -> c -> d -> e -> f) -> (,,,,) a b c d e -> f",
      "caseN7": "(a -> b -> c -> d -> e -> f -> g -> h) -> (,,,,,,) a b c d e f g -> h",
      "reportWithPrinter": "(Show a, Eq a, Functor m) => (b -> c -> String) -> (c -> a) -> b -> m #[c, a] -> m (Wish TestResult TestResult)",
      "caseN2": "(a -> b -> c) -> #[a, b] -> c",
      "asyncFail": "(Show a, Show b, Eq b, Functor m) => (a -> Wish b {}) -> String -> m #[a, b] -> m (Wish TestResult TestResult)",
      "asyncReport": "(Show a, Show b, Eq b, Functor m) => (a -> Wish AssertionError b) -> String -> m #[a, b] -> m (Wish TestResult TestResult)",
      "reportAsync": "(Functor m, Eq a, Show a, Show b) => (b -> Wish AssertionError a) -> String -> m #[b, a] -> m (Wish TestResult TestResult)",
      "caseN4": "(a -> b -> c -> d -> e) -> #[a, b, c, d] -> e",
      "report": "(Show a, Functor m, Eq b, Show b) => (a -> b) -> String -> m #[a, b] -> m (Wish TestResult TestResult)",
      "caseN6": "(a -> b -> c -> d -> e -> f -> g) -> (,,,,,) a b c d e f -> g",
      "caseN3": "(a -> b -> c -> d) -> #[a, b, c] -> d"
    },
    "apiTypes": {}
  },
  "llvmApi": {
    "apiInstances": [],
    "apiAliases": {},
    "apiInterfaces": {},
    "apiNames": {
      "failAsync": "(Functor m, Eq a, Show a, Show b) => (b -> Wish a {}) -> String -> m #[b, a] -> m (Wish TestResult TestResult)",
      "caseN5": "(a -> b -> c -> d -> e -> f) -> (,,,,) a b c d e -> f",
      "caseN7": "(a -> b -> c -> d -> e -> f -> g -> h) -> (,,,,,,) a b c d e f g -> h",
      "reportWithPrinter": "(Show a, Eq a, Functor m) => (b -> c -> String) -> (c -> a) -> b -> m #[c, a] -> m (Wish TestResult TestResult)",
      "caseN2": "(a -> b -> c) -> #[a, b] -> c",
      "asyncFail": "(Show a, Show b, Eq b, Functor m) => (a -> Wish b {}) -> String -> m #[a, b] -> m (Wish TestResult TestResult)",
      "asyncReport": "(Show a, Show b, Eq b, Functor m) => (a -> Wish AssertionError b) -> String -> m #[a, b] -> m (Wish TestResult TestResult)",
      "reportAsync": "(Functor m, Eq a, Show a, Show b) => (b -> Wish AssertionError a) -> String -> m #[b, a] -> m (Wish TestResult TestResult)",
      "caseN4": "(a -> b -> c -> d -> e) -> #[a, b, c, d] -> e",
      "report": "(Show a, Functor m, Eq b, Show b) => (a -> b) -> String -> m #[a, b] -> m (Wish TestResult TestResult)",
      "caseN6": "(a -> b -> c -> d -> e -> f -> g) -> (,,,,,) a b c d e f -> g",
      "caseN3": "(a -> b -> c -> d) -> #[a, b, c] -> d"
    },
    "apiTypes": {}
  },
  "versionHash": "25e64aa754c310d45c1e084d574c1bb0"
}
